
Microsoft Visual Studio Solution File, Format Version 12.00
# Visual Studio Version 17
VisualStudioVersion = 17.9.34714.143
MinimumVisualStudioVersion = 10.0.40219.1
Project("{FAE04EC0-301F-11D3-BF4B-00C04F79EFBC}") = "DoctorAdmin", "DoctorAdmin.csproj", "{7F9B9256-8E33-4254-AE59-C3977DFEE851}"
EndProject
Global
	GlobalSection(SolutionConfigurationPlatforms) = preSolution
		Debug|Any CPU = Debug|Any CPU
		Debug|x64 = Debug|x64
		Release|Any CPU = Release|Any CPU
		Release|x64 = Release|x64
	EndGlobalSection
	GlobalSection(ProjectConfigurationPlatforms) = postSolution
		{7F9B9256-8E33-4254-AE59-C3977DFEE851}.Debug|Any CPU.ActiveCfg = Debug|Any CPU
		{7F9B9256-8E33-4254-AE59-C3977DFEE851}.Debug|Any CPU.Build.0 = Debug|Any CPU
		{7F9B9256-8E33-4254-AE59-C3977DFEE851}.Debug|x64.ActiveCfg = Debug|x64
		{7F9B9256-8E33-4254-AE59-C3977DFEE851}.Debug|x64.Build.0 = Debug|x64
		{7F9B9256-8E33-4254-AE59-C3977DFEE851}.Release|Any CPU.ActiveCfg = Release|Any CPU
		{7F9B9256-8E33-4254-AE59-C3977DFEE851}.Release|Any CPU.Build.0 = Release|Any CPU
		{7F9B9256-8E33-4254-AE59-C3977DFEE851}.Release|x64.ActiveCfg = Release|x64
		{7F9B9256-8E33-4254-AE59-C3977DFEE851}.Release|x64.Build.0 = Release|x64
	EndGlobalSection
	GlobalSection(SolutionProperties) = preSolution
		HideSolutionNode = FALSE
	EndGlobalSection
	GlobalSection(ExtensibilityGlobals) = postSolution
		SolutionGuid = {3A6F34E3-BDB7-417D-8917-80B4217906CA}
	EndGlobalSection
EndGlobal
